
Microsoft Visual Studio Solution File, Format Version 12.00
# Visual Studio Version 17
VisualStudioVersion = 17.3.32929.385
MinimumVisualStudioVersion = 10.0.40219.1
Project("{FAE04EC0-301F-11D3-BF4B-00C04F79EFBC}") = "Assignment 7", "Assignment 7\Assignment 7.csproj", "{E8FECD84-2232-4E87-86E0-657DC3E52DA7}"
EndProject
Global
	GlobalSection(SolutionConfigurationPlatforms) = preSolution
		Debug|Any CPU = Debug|Any CPU
		Release|Any CPU = Release|Any CPU
	EndGlobalSection
	GlobalSection(ProjectConfigurationPlatforms) = postSolution
		{E8FECD84-2232-4E87-86E0-657DC3E52DA7}.Debug|Any CPU.ActiveCfg = Debug|Any CPU
		{E8FECD84-2232-4E87-86E0-657DC3E52DA7}.Debug|Any CPU.Build.0 = Debug|Any CPU
		{E8FECD84-2232-4E87-86E0-657DC3E52DA7}.Release|Any CPU.ActiveCfg = Release|Any CPU
		{E8FECD84-2232-4E87-86E0-657DC3E52DA7}.Release|Any CPU.Build.0 = Release|Any CPU
	EndGlobalSection
	GlobalSection(SolutionProperties) = preSolution
		HideSolutionNode = FALSE
	EndGlobalSection
	GlobalSection(ExtensibilityGlobals) = postSolution
		SolutionGuid = {ED146444-9D4D-47DB-B52D-064E7C0BECD9}
	EndGlobalSection
EndGlobal
